
Microsoft Visual Studio Solution File, Format Version 12.00
# Visual Studio Version 17
VisualStudioVersion = 17.3.32929.385
MinimumVisualStudioVersion = 10.0.40219.1
Project("{FAE04EC0-301F-11D3-BF4B-00C04F79EFBC}") = "Ripasso pre rientro", "Ripasso pre rientro\Ripasso pre rientro.csproj", "{06501632-37D3-48FF-ACC0-3A65CD147695}"
EndProject
Global
	GlobalSection(SolutionConfigurationPlatforms) = preSolution
		Debug|Any CPU = Debug|Any CPU
		Release|Any CPU = Release|Any CPU
	EndGlobalSection
	GlobalSection(ProjectConfigurationPlatforms) = postSolution
		{06501632-37D3-48FF-ACC0-3A65CD147695}.Debug|Any CPU.ActiveCfg = Debug|Any CPU
		{06501632-37D3-48FF-ACC0-3A65CD147695}.Debug|Any CPU.Build.0 = Debug|Any CPU
		{06501632-37D3-48FF-ACC0-3A65CD147695}.Release|Any CPU.ActiveCfg = Release|Any CPU
		{06501632-37D3-48FF-ACC0-3A65CD147695}.Release|Any CPU.Build.0 = Release|Any CPU
	EndGlobalSection
	GlobalSection(SolutionProperties) = preSolution
		HideSolutionNode = FALSE
	EndGlobalSection
	GlobalSection(ExtensibilityGlobals) = postSolution
		SolutionGuid = {796FA37C-361D-48AA-AAD4-1B5F0CC3E689}
	EndGlobalSection
EndGlobal
